
Microsoft Visual Studio Solution File, Format Version 12.00
# Visual Studio 14
VisualStudioVersion = 14.0.25420.1
MinimumVisualStudioVersion = 10.0.40219.1
Project("{2150E333-8FDC-42A3-9474-1A3956D46DE8}") = "src", "src", "{7D14BFCB-8FEE-4EFD-B9A4-3C3E8C024592}"
EndProject
Project("{2150E333-8FDC-42A3-9474-1A3956D46DE8}") = "Solution Items", "Solution Items", "{1A19AEAA-F4BC-490F-BA90-33BADE591FC6}"
	ProjectSection(SolutionItems) = preProject
		global.json = global.json
	EndProjectSection
EndProject
Project("{8BB2217D-0F2D-49D1-97BC-3654ED321F3B}") = "FreeDBlog", "src\FreeDBlog\FreeDBlog.xproj", "{1AF787FC-4C9C-4225-8DC2-6D8316DDB7F3}"
EndProject
Global
	GlobalSection(SolutionConfigurationPlatforms) = preSolution
		Debug|Any CPU = Debug|Any CPU
		Release|Any CPU = Release|Any CPU
	EndGlobalSection
	GlobalSection(ProjectConfigurationPlatforms) = postSolution
		{1AF787FC-4C9C-4225-8DC2-6D8316DDB7F3}.Debug|Any CPU.ActiveCfg = Debug|Any CPU
		{1AF787FC-4C9C-4225-8DC2-6D8316DDB7F3}.Debug|Any CPU.Build.0 = Debug|Any CPU
		{1AF787FC-4C9C-4225-8DC2-6D8316DDB7F3}.Release|Any CPU.ActiveCfg = Release|Any CPU
		{1AF787FC-4C9C-4225-8DC2-6D8316DDB7F3}.Release|Any CPU.Build.0 = Release|Any CPU
	EndGlobalSection
	GlobalSection(SolutionProperties) = preSolution
		HideSolutionNode = FALSE
	EndGlobalSection
	GlobalSection(NestedProjects) = preSolution
		{1AF787FC-4C9C-4225-8DC2-6D8316DDB7F3} = {7D14BFCB-8FEE-4EFD-B9A4-3C3E8C024592}
	EndGlobalSection
EndGlobal
